
Microsoft Visual Studio Solution File, Format Version 12.00
# Visual Studio Version 17
VisualStudioVersion = 17.13.35818.85 d17.13
MinimumVisualStudioVersion = 10.0.40219.1
Project("{FAE04EC0-301F-11D3-BF4B-00C04F79EFBC}") = "tpmodul10_103022300142", "tpmodul10_103022300142\tpmodul10_103022300142.csproj", "{6DEBB876-712D-4B4A-B201-F6DF586773EB}"
EndProject
Global
	GlobalSection(SolutionConfigurationPlatforms) = preSolution
		Debug|Any CPU = Debug|Any CPU
		Release|Any CPU = Release|Any CPU
	EndGlobalSection
	GlobalSection(ProjectConfigurationPlatforms) = postSolution
		{6DEBB876-712D-4B4A-B201-F6DF586773EB}.Debug|Any CPU.ActiveCfg = Debug|Any CPU
		{6DEBB876-712D-4B4A-B201-F6DF586773EB}.Debug|Any CPU.Build.0 = Debug|Any CPU
		{6DEBB876-712D-4B4A-B201-F6DF586773EB}.Release|Any CPU.ActiveCfg = Release|Any CPU
		{6DEBB876-712D-4B4A-B201-F6DF586773EB}.Release|Any CPU.Build.0 = Release|Any CPU
	EndGlobalSection
	GlobalSection(SolutionProperties) = preSolution
		HideSolutionNode = FALSE
	EndGlobalSection
	GlobalSection(ExtensibilityGlobals) = postSolution
		SolutionGuid = {26BA6B51-D881-450A-9EFC-48B4826F55B2}
	EndGlobalSection
EndGlobal
